// !$*UTF8*$!
{
	archiveVersion = 1;
	classes = {
	};
	objectVersion = 56;
	objects = {

/* Begin PBXBuildFile section */
		CF77682F2BDA12CE00BEA6A8 /* SignUpView.swift in Sources */ = {isa = PBXBuildFile; fileRef = CF77682E2BDA12CE00BEA6A8 /* SignUpView.swift */; };
		CF7768312BDAC39300BEA6A8 /* MainTabBarView.swift in Sources */ = {isa = PBXBuildFile; fileRef = CF7768302BDAC39300BEA6A8 /* MainTabBarView.swift */; };
		CF7768332BDAC3D600BEA6A8 /* MoreView.swift in Sources */ = {isa = PBXBuildFile; fileRef = CF7768322BDAC3D600BEA6A8 /* MoreView.swift */; };
		CF77683D2BDACF4E00BEA6A8 /* HomeView.swift in Sources */ = {isa = PBXBuildFile; fileRef = CF77683C2BDACF4E00BEA6A8 /* HomeView.swift */; };
		CFBBF4F72BDD946E005234ED /* SettingsView.swift in Sources */ = {isa = PBXBuildFile; fileRef = CFBBF4F62BDD946E005234ED /* SettingsView.swift */; };
		CFBBF4FA2BDD963E005234ED /* SettingsController.swift in Sources */ = {isa = PBXBuildFile; fileRef = CFBBF4F92BDD963E005234ED /* SettingsController.swift */; };
		CFBBF4FC2BDD9673005234ED /* SettingsModel.swift in Sources */ = {isa = PBXBuildFile; fileRef = CFBBF4FB2BDD9673005234ED /* SettingsModel.swift */; };
		CFBBF4FE2BDD96D3005234ED /* CustomTableViewCell.swift in Sources */ = {isa = PBXBuildFile; fileRef = CFBBF4FD2BDD96D3005234ED /* CustomTableViewCell.swift */; };
		CFBF088E2BEC031A00995C36 /* LessonsView.swift in Sources */ = {isa = PBXBuildFile; fileRef = CFBF088D2BEC031A00995C36 /* LessonsView.swift */; };
		CFBF08902BEC040700995C36 /* ThemeTableViewCell.swift in Sources */ = {isa = PBXBuildFile; fileRef = CFBF088F2BEC040700995C36 /* ThemeTableViewCell.swift */; };
		CFBF08922BF0B88300995C36 /* TasksTableViewCell.swift in Sources */ = {isa = PBXBuildFile; fileRef = CFBF08912BF0B88300995C36 /* TasksTableViewCell.swift */; };
		CFBF08942BF0B90500995C36 /* TasksView.swift in Sources */ = {isa = PBXBuildFile; fileRef = CFBF08932BF0B90500995C36 /* TasksView.swift */; };
		CFBF08B72BF1039800995C36 /* Questions.swift in Sources */ = {isa = PBXBuildFile; fileRef = CFBF08B62BF1039700995C36 /* Questions.swift */; };
		CFBF08BE2BF1134000995C36 /* Task1.swift in Sources */ = {isa = PBXBuildFile; fileRef = CFBF08BD2BF1134000995C36 /* Task1.swift */; };
		CFBF08C12BF11C2F00995C36 /* Task2.swift in Sources */ = {isa = PBXBuildFile; fileRef = CFBF08C02BF11C2F00995C36 /* Task2.swift */; };
		CFC1CF4B2BD10F5E00CF3C5C /* AppDelegate.swift in Sources */ = {isa = PBXBuildFile; fileRef = CFC1CF4A2BD10F5E00CF3C5C /* AppDelegate.swift */; };
		CFC1CF4D2BD10F5E00CF3C5C /* SceneDelegate.swift in Sources */ = {isa = PBXBuildFile; fileRef = CFC1CF4C2BD10F5E00CF3C5C /* SceneDelegate.swift */; };
		CFC1CF4F2BD10F5E00CF3C5C /* RegistrationView.swift in Sources */ = {isa = PBXBuildFile; fileRef = CFC1CF4E2BD10F5E00CF3C5C /* RegistrationView.swift */; };
		CFC1CF542BD10F6200CF3C5C /* Assets.xcassets in Resources */ = {isa = PBXBuildFile; fileRef = CFC1CF532BD10F6200CF3C5C /* Assets.xcassets */; };
		CFC1CF572BD10F6200CF3C5C /* LaunchScreen.storyboard in Resources */ = {isa = PBXBuildFile; fileRef = CFC1CF552BD10F6200CF3C5C /* LaunchScreen.storyboard */; };
		CFC1CF5F2BD1145F00CF3C5C /* Topics.swift in Sources */ = {isa = PBXBuildFile; fileRef = CFC1CF5E2BD1145F00CF3C5C /* Topics.swift */; };
		CFC1CF612BD114AE00CF3C5C /* Maker.swift in Sources */ = {isa = PBXBuildFile; fileRef = CFC1CF602BD114AE00CF3C5C /* Maker.swift */; };
/* End PBXBuildFile section */

/* Begin PBXFileReference section */
		CF77682E2BDA12CE00BEA6A8 /* SignUpView.swift */ = {isa = PBXFileReference; lastKnownFileType = sourcecode.swift; path = SignUpView.swift; sourceTree = "<group>"; };
		CF7768302BDAC39300BEA6A8 /* MainTabBarView.swift */ = {isa = PBXFileReference; lastKnownFileType = sourcecode.swift; path = MainTabBarView.swift; sourceTree = "<group>"; };
		CF7768322BDAC3D600BEA6A8 /* MoreView.swift */ = {isa = PBXFileReference; lastKnownFileType = sourcecode.swift; path = MoreView.swift; sourceTree = "<group>"; };
		CF77683C2BDACF4E00BEA6A8 /* HomeView.swift */ = {isa = PBXFileReference; lastKnownFileType = sourcecode.swift; path = HomeView.swift; sourceTree = "<group>"; };
		CFBBF4F62BDD946E005234ED /* SettingsView.swift */ = {isa = PBXFileReference; lastKnownFileType = sourcecode.swift; path = SettingsView.swift; sourceTree = "<group>"; };
		CFBBF4F92BDD963E005234ED /* SettingsController.swift */ = {isa = PBXFileReference; lastKnownFileType = sourcecode.swift; path = SettingsController.swift; sourceTree = "<group>"; };
		CFBBF4FB2BDD9673005234ED /* SettingsModel.swift */ = {isa = PBXFileReference; lastKnownFileType = sourcecode.swift; path = SettingsModel.swift; sourceTree = "<group>"; };
		CFBBF4FD2BDD96D3005234ED /* CustomTableViewCell.swift */ = {isa = PBXFileReference; lastKnownFileType = sourcecode.swift; path = CustomTableViewCell.swift; sourceTree = "<group>"; };
		CFBF088D2BEC031A00995C36 /* LessonsView.swift */ = {isa = PBXFileReference; lastKnownFileType = sourcecode.swift; path = LessonsView.swift; sourceTree = "<group>"; };
		CFBF088F2BEC040700995C36 /* ThemeTableViewCell.swift */ = {isa = PBXFileReference; lastKnownFileType = sourcecode.swift; path = ThemeTableViewCell.swift; sourceTree = "<group>"; };
		CFBF08912BF0B88300995C36 /* TasksTableViewCell.swift */ = {isa = PBXFileReference; lastKnownFileType = sourcecode.swift; path = TasksTableViewCell.swift; sourceTree = "<group>"; };
		CFBF08932BF0B90500995C36 /* TasksView.swift */ = {isa = PBXFileReference; lastKnownFileType = sourcecode.swift; path = TasksView.swift; sourceTree = "<group>"; };
		CFBF08B62BF1039700995C36 /* Questions.swift */ = {isa = PBXFileReference; lastKnownFileType = sourcecode.swift; path = Questions.swift; sourceTree = "<group>"; };
		CFBF08BD2BF1134000995C36 /* Task1.swift */ = {isa = PBXFileReference; lastKnownFileType = sourcecode.swift; path = Task1.swift; sourceTree = "<group>"; };
		CFBF08C02BF11C2F00995C36 /* Task2.swift */ = {isa = PBXFileReference; lastKnownFileType = sourcecode.swift; path = Task2.swift; sourceTree = "<group>"; };
		CFC1CF472BD10F5E00CF3C5C /* HistoryLearn.app */ = {isa = PBXFileReference; explicitFileType = wrapper.application; includeInIndex = 0; path = HistoryLearn.app; sourceTree = BUILT_PRODUCTS_DIR; };
		CFC1CF4A2BD10F5E00CF3C5C /* AppDelegate.swift */ = {isa = PBXFileReference; lastKnownFileType = sourcecode.swift; path = AppDelegate.swift; sourceTree = "<group>"; };
		CFC1CF4C2BD10F5E00CF3C5C /* SceneDelegate.swift */ = {isa = PBXFileReference; lastKnownFileType = sourcecode.swift; path = SceneDelegate.swift; sourceTree = "<group>"; };
		CFC1CF4E2BD10F5E00CF3C5C /* RegistrationView.swift */ = {isa = PBXFileReference; lastKnownFileType = sourcecode.swift; path = RegistrationView.swift; sourceTree = "<group>"; };
		CFC1CF532BD10F6200CF3C5C /* Assets.xcassets */ = {isa = PBXFileReference; lastKnownFileType = folder.assetcatalog; path = Assets.xcassets; sourceTree = "<group>"; };
		CFC1CF562BD10F6200CF3C5C /* Base */ = {isa = PBXFileReference; lastKnownFileType = file.storyboard; name = Base; path = Base.lproj/LaunchScreen.storyboard; sourceTree = "<group>"; };
		CFC1CF582BD10F6200CF3C5C /* Info.plist */ = {isa = PBXFileReference; lastKnownFileType = text.plist.xml; path = Info.plist; sourceTree = "<group>"; };
		CFC1CF5E2BD1145F00CF3C5C /* Topics.swift */ = {isa = PBXFileReference; lastKnownFileType = sourcecode.swift; path = Topics.swift; sourceTree = "<group>"; };
		CFC1CF602BD114AE00CF3C5C /* Maker.swift */ = {isa = PBXFileReference; lastKnownFileType = sourcecode.swift; path = Maker.swift; sourceTree = "<group>"; };
/* End PBXFileReference section */

/* Begin PBXFrameworksBuildPhase section */
		CFC1CF442BD10F5E00CF3C5C /* Frameworks */ = {
			isa = PBXFrameworksBuildPhase;
			buildActionMask = 2147483647;
			files = (
			);
			runOnlyForDeploymentPostprocessing = 0;
		};
/* End PBXFrameworksBuildPhase section */

/* Begin PBXGroup section */
		CF7768342BDAC3EC00BEA6A8 /* MainTabBar */ = {
			isa = PBXGroup;
			children = (
				CF7768302BDAC39300BEA6A8 /* MainTabBarView.swift */,
				CF7768352BDAC41A00BEA6A8 /* TabBarViews */,
			);
			path = MainTabBar;
			sourceTree = "<group>";
		};
		CF7768352BDAC41A00BEA6A8 /* TabBarViews */ = {
			isa = PBXGroup;
			children = (
				CF77683C2BDACF4E00BEA6A8 /* HomeView.swift */,
				CFBF088D2BEC031A00995C36 /* LessonsView.swift */,
				CFBF08952BF0BB2800995C36 /* Tasks */,
				CFBBF4F32BDD7CE1005234ED /* MoreView */,
			);
			path = TabBarViews;
			sourceTree = "<group>";
		};
		CFB29C442BE6B4750076751B /* Cell */ = {
			isa = PBXGroup;
			children = (
				CFBF088F2BEC040700995C36 /* ThemeTableViewCell.swift */,
				CFBF08912BF0B88300995C36 /* TasksTableViewCell.swift */,
			);
			path = Cell;
			sourceTree = "<group>";
		};
		CFBBF4F32BDD7CE1005234ED /* MoreView */ = {
			isa = PBXGroup;
			children = (
				CF7768322BDAC3D600BEA6A8 /* MoreView.swift */,
				CFBBF4F82BDD9578005234ED /* Settings */,
			);
			path = MoreView;
			sourceTree = "<group>";
		};
		CFBBF4F82BDD9578005234ED /* Settings */ = {
			isa = PBXGroup;
			children = (
				CFBBF4F62BDD946E005234ED /* SettingsView.swift */,
				CFBBF4F92BDD963E005234ED /* SettingsController.swift */,
				CFBBF4FB2BDD9673005234ED /* SettingsModel.swift */,
				CFBBF4FD2BDD96D3005234ED /* CustomTableViewCell.swift */,
			);
			path = Settings;
			sourceTree = "<group>";
		};
		CFBF08952BF0BB2800995C36 /* Tasks */ = {
			isa = PBXGroup;
			children = (
				CFBF08932BF0B90500995C36 /* TasksView.swift */,
				CFBF08BF2BF1134800995C36 /* Tests */,
			);
			path = Tasks;
			sourceTree = "<group>";
		};
		CFBF08BF2BF1134800995C36 /* Tests */ = {
			isa = PBXGroup;
			children = (
				CFBF08BD2BF1134000995C36 /* Task1.swift */,
				CFBF08C02BF11C2F00995C36 /* Task2.swift */,
			);
			path = Tests;
			sourceTree = "<group>";
		};
		CFC1CF3E2BD10F5E00CF3C5C = {
			isa = PBXGroup;
			children = (
				CFC1CF492BD10F5E00CF3C5C /* HistoryLearn */,
				CFC1CF482BD10F5E00CF3C5C /* Products */,
			);
			sourceTree = "<group>";
		};
		CFC1CF482BD10F5E00CF3C5C /* Products */ = {
			isa = PBXGroup;
			children = (
				CFC1CF472BD10F5E00CF3C5C /* HistoryLearn.app */,
			);
			name = Products;
			sourceTree = "<group>";
		};
		CFC1CF492BD10F5E00CF3C5C /* HistoryLearn */ = {
			isa = PBXGroup;
			children = (
				CFC1CF622BD61A0500CF3C5C /* AppDelegate */,
				CFC1CF4E2BD10F5E00CF3C5C /* RegistrationView.swift */,
				CF77682E2BDA12CE00BEA6A8 /* SignUpView.swift */,
				CF7768342BDAC3EC00BEA6A8 /* MainTabBar */,
				CFB29C442BE6B4750076751B /* Cell */,
				CFC1CF632BD61A2900CF3C5C /* Model */,
				CFC1CF642BD61A4800CF3C5C /* Maker */,
				CFC1CF652BD61A5800CF3C5C /* Resources */,
				CFC1CF582BD10F6200CF3C5C /* Info.plist */,
			);
			path = HistoryLearn;
			sourceTree = "<group>";
		};
		CFC1CF622BD61A0500CF3C5C /* AppDelegate */ = {
			isa = PBXGroup;
			children = (
				CFC1CF4A2BD10F5E00CF3C5C /* AppDelegate.swift */,
				CFC1CF4C2BD10F5E00CF3C5C /* SceneDelegate.swift */,
			);
			path = AppDelegate;
			sourceTree = "<group>";
		};
		CFC1CF632BD61A2900CF3C5C /* Model */ = {
			isa = PBXGroup;
			children = (
				CFC1CF5E2BD1145F00CF3C5C /* Topics.swift */,
				CFBF08B62BF1039700995C36 /* Questions.swift */,
			);
			path = Model;
			sourceTree = "<group>";
		};
		CFC1CF642BD61A4800CF3C5C /* Maker */ = {
			isa = PBXGroup;
			children = (
				CFC1CF602BD114AE00CF3C5C /* Maker.swift */,
			);
			path = Maker;
			sourceTree = "<group>";
		};
		CFC1CF652BD61A5800CF3C5C /* Resources */ = {
			isa = PBXGroup;
			children = (
				CFC1CF532BD10F6200CF3C5C /* Assets.xcassets */,
				CFC1CF552BD10F6200CF3C5C /* LaunchScreen.storyboard */,
			);
			path = Resources;
			sourceTree = "<group>";
		};
/* End PBXGroup section */

/* Begin PBXNativeTarget section */
		CFC1CF462BD10F5E00CF3C5C /* HistoryLearn */ = {
			isa = PBXNativeTarget;
			buildConfigurationList = CFC1CF5B2BD10F6200CF3C5C /* Build configuration list for PBXNativeTarget "HistoryLearn" */;
			buildPhases = (
				CFC1CF432BD10F5E00CF3C5C /* Sources */,
				CFC1CF442BD10F5E00CF3C5C /* Frameworks */,
				CFC1CF452BD10F5E00CF3C5C /* Resources */,
			);
			buildRules = (
			);
			dependencies = (
			);
			name = HistoryLearn;
			productName = HistoryLearn;
			productReference = CFC1CF472BD10F5E00CF3C5C /* HistoryLearn.app */;
			productType = "com.apple.product-type.application";
		};
/* End PBXNativeTarget section */

/* Begin PBXProject section */
		CFC1CF3F2BD10F5E00CF3C5C /* Project object */ = {
			isa = PBXProject;
			attributes = {
				BuildIndependentTargetsInParallel = 1;
				LastSwiftUpdateCheck = 1520;
				LastUpgradeCheck = 1520;
				TargetAttributes = {
					CFC1CF462BD10F5E00CF3C5C = {
						CreatedOnToolsVersion = 15.2;
					};
				};
			};
			buildConfigurationList = CFC1CF422BD10F5E00CF3C5C /* Build configuration list for PBXProject "HistoryLearn" */;
			compatibilityVersion = "Xcode 14.0";
			developmentRegion = en;
			hasScannedForEncodings = 0;
			knownRegions = (
				en,
				Base,
			);
			mainGroup = CFC1CF3E2BD10F5E00CF3C5C;
			productRefGroup = CFC1CF482BD10F5E00CF3C5C /* Products */;
			projectDirPath = "";
			projectRoot = "";
			targets = (
				CFC1CF462BD10F5E00CF3C5C /* HistoryLearn */,
			);
		};
/* End PBXProject section */

/* Begin PBXResourcesBuildPhase section */
		CFC1CF452BD10F5E00CF3C5C /* Resources */ = {
			isa = PBXResourcesBuildPhase;
			buildActionMask = 2147483647;
			files = (
				CFC1CF572BD10F6200CF3C5C /* LaunchScreen.storyboard in Resources */,
				CFC1CF542BD10F6200CF3C5C /* Assets.xcassets in Resources */,
			);
			runOnlyForDeploymentPostprocessing = 0;
		};
/* End PBXResourcesBuildPhase section */

/* Begin PBXSourcesBuildPhase section */
		CFC1CF432BD10F5E00CF3C5C /* Sources */ = {
			isa = PBXSourcesBuildPhase;
			buildActionMask = 2147483647;
			files = (
				CFC1CF4F2BD10F5E00CF3C5C /* RegistrationView.swift in Sources */,
				CFBF08942BF0B90500995C36 /* TasksView.swift in Sources */,
				CFBBF4FA2BDD963E005234ED /* SettingsController.swift in Sources */,
				CF7768332BDAC3D600BEA6A8 /* MoreView.swift in Sources */,
				CFC1CF4B2BD10F5E00CF3C5C /* AppDelegate.swift in Sources */,
				CF7768312BDAC39300BEA6A8 /* MainTabBarView.swift in Sources */,
				CFBF08922BF0B88300995C36 /* TasksTableViewCell.swift in Sources */,
				CFBBF4FE2BDD96D3005234ED /* CustomTableViewCell.swift in Sources */,
				CFBF088E2BEC031A00995C36 /* LessonsView.swift in Sources */,
				CFBF08B72BF1039800995C36 /* Questions.swift in Sources */,
				CFC1CF612BD114AE00CF3C5C /* Maker.swift in Sources */,
				CFBF08902BEC040700995C36 /* ThemeTableViewCell.swift in Sources */,
				CFC1CF4D2BD10F5E00CF3C5C /* SceneDelegate.swift in Sources */,
				CF77682F2BDA12CE00BEA6A8 /* SignUpView.swift in Sources */,
				CFBBF4F72BDD946E005234ED /* SettingsView.swift in Sources */,
				CFBF08C12BF11C2F00995C36 /* Task2.swift in Sources */,
				CFBF08BE2BF1134000995C36 /* Task1.swift in Sources */,
				CF77683D2BDACF4E00BEA6A8 /* HomeView.swift in Sources */,
				CFBBF4FC2BDD9673005234ED /* SettingsModel.swift in Sources */,
				CFC1CF5F2BD1145F00CF3C5C /* Topics.swift in Sources */,
			);
			runOnlyForDeploymentPostprocessing = 0;
		};
/* End PBXSourcesBuildPhase section */

/* Begin PBXVariantGroup section */
		CFC1CF552BD10F6200CF3C5C /* LaunchScreen.storyboard */ = {
			isa = PBXVariantGroup;
			children = (
				CFC1CF562BD10F6200CF3C5C /* Base */,
			);
			name = LaunchScreen.storyboard;
			sourceTree = "<group>";
		};
/* End PBXVariantGroup section */

/* Begin XCBuildConfiguration section */
		CFC1CF592BD10F6200CF3C5C /* Debug */ = {
			isa = XCBuildConfiguration;
			buildSettings = {
				ALWAYS_SEARCH_USER_PATHS = NO;
				ASSETCATALOG_COMPILER_GENERATE_SWIFT_ASSET_SYMBOL_EXTENSIONS = YES;
				CLANG_ANALYZER_NONNULL = YES;
				CLANG_ANALYZER_NUMBER_OBJECT_CONVERSION = YES_AGGRESSIVE;
				CLANG_CXX_LANGUAGE_STANDARD = "gnu++20";
				CLANG_ENABLE_MODULES = YES;
				CLANG_ENABLE_OBJC_ARC = YES;
				CLANG_ENABLE_OBJC_WEAK = YES;
				CLANG_WARN_BLOCK_CAPTURE_AUTORELEASING = YES;
				CLANG_WARN_BOOL_CONVERSION = YES;
				CLANG_WARN_COMMA = YES;
				CLANG_WARN_CONSTANT_CONVERSION = YES;
				CLANG_WARN_DEPRECATED_OBJC_IMPLEMENTATIONS = YES;
				CLANG_WARN_DIRECT_OBJC_ISA_USAGE = YES_ERROR;
				CLANG_WARN_DOCUMENTATION_COMMENTS = YES;
				CLANG_WARN_EMPTY_BODY = YES;
				CLANG_WARN_ENUM_CONVERSION = YES;
				CLANG_WARN_INFINITE_RECURSION = YES;
				CLANG_WARN_INT_CONVERSION = YES;
				CLANG_WARN_NON_LITERAL_NULL_CONVERSION = YES;
				CLANG_WARN_OBJC_IMPLICIT_RETAIN_SELF = YES;
				CLANG_WARN_OBJC_LITERAL_CONVERSION = YES;
				CLANG_WARN_OBJC_ROOT_CLASS = YES_ERROR;
				CLANG_WARN_QUOTED_INCLUDE_IN_FRAMEWORK_HEADER = YES;
				CLANG_WARN_RANGE_LOOP_ANALYSIS = YES;
				CLANG_WARN_STRICT_PROTOTYPES = YES;
				CLANG_WARN_SUSPICIOUS_MOVE = YES;
				CLANG_WARN_UNGUARDED_AVAILABILITY = YES_AGGRESSIVE;
				CLANG_WARN_UNREACHABLE_CODE = YES;
				CLANG_WARN__DUPLICATE_METHOD_MATCH = YES;
				COPY_PHASE_STRIP = NO;
				DEBUG_INFORMATION_FORMAT = dwarf;
				ENABLE_STRICT_OBJC_MSGSEND = YES;
				ENABLE_TESTABILITY = YES;
				ENABLE_USER_SCRIPT_SANDBOXING = YES;
				GCC_C_LANGUAGE_STANDARD = gnu17;
				GCC_DYNAMIC_NO_PIC = NO;
				GCC_NO_COMMON_BLOCKS = YES;
				GCC_OPTIMIZATION_LEVEL = 0;
				GCC_PREPROCESSOR_DEFINITIONS = (
					"DEBUG=1",
					"$(inherited)",
				);
				GCC_WARN_64_TO_32_BIT_CONVERSION = YES;
				GCC_WARN_ABOUT_RETURN_TYPE = YES_ERROR;
				GCC_WARN_UNDECLARED_SELECTOR = YES;
				GCC_WARN_UNINITIALIZED_AUTOS = YES_AGGRESSIVE;
				GCC_WARN_UNUSED_FUNCTION = YES;
				GCC_WARN_UNUSED_VARIABLE = YES;
				IPHONEOS_DEPLOYMENT_TARGET = 17.2;
				LOCALIZATION_PREFERS_STRING_CATALOGS = YES;
				MTL_ENABLE_DEBUG_INFO = INCLUDE_SOURCE;
				MTL_FAST_MATH = YES;
				ONLY_ACTIVE_ARCH = YES;
				SDKROOT = iphoneos;
				SWIFT_ACTIVE_COMPILATION_CONDITIONS = "DEBUG $(inherited)";
				SWIFT_OPTIMIZATION_LEVEL = "-Onone";
			};
			name = Debug;
		};
		CFC1CF5A2BD10F6200CF3C5C /* Release */ = {
			isa = XCBuildConfiguration;
			buildSettings = {
				ALWAYS_SEARCH_USER_PATHS = NO;
				ASSETCATALOG_COMPILER_GENERATE_SWIFT_ASSET_SYMBOL_EXTENSIONS = YES;
				CLANG_ANALYZER_NONNULL = YES;
				CLANG_ANALYZER_NUMBER_OBJECT_CONVERSION = YES_AGGRESSIVE;
				CLANG_CXX_LANGUAGE_STANDARD = "gnu++20";
				CLANG_ENABLE_MODULES = YES;
				CLANG_ENABLE_OBJC_ARC = YES;
				CLANG_ENABLE_OBJC_WEAK = YES;
				CLANG_WARN_BLOCK_CAPTURE_AUTORELEASING = YES;
				CLANG_WARN_BOOL_CONVERSION = YES;
				CLANG_WARN_COMMA = YES;
				CLANG_WARN_CONSTANT_CONVERSION = YES;
				CLANG_WARN_DEPRECATED_OBJC_IMPLEMENTATIONS = YES;
				CLANG_WARN_DIRECT_OBJC_ISA_USAGE = YES_ERROR;
				CLANG_WARN_DOCUMENTATION_COMMENTS = YES;
				CLANG_WARN_EMPTY_BODY = YES;
				CLANG_WARN_ENUM_CONVERSION = YES;
				CLANG_WARN_INFINITE_RECURSION = YES;
				CLANG_WARN_INT_CONVERSION = YES;
				CLANG_WARN_NON_LITERAL_NULL_CONVERSION = YES;
				CLANG_WARN_OBJC_IMPLICIT_RETAIN_SELF = YES;
				CLANG_WARN_OBJC_LITERAL_CONVERSION = YES;
				CLANG_WARN_OBJC_ROOT_CLASS = YES_ERROR;
				CLANG_WARN_QUOTED_INCLUDE_IN_FRAMEWORK_HEADER = YES;
				CLANG_WARN_RANGE_LOOP_ANALYSIS = YES;
				CLANG_WARN_STRICT_PROTOTYPES = YES;
				CLANG_WARN_SUSPICIOUS_MOVE = YES;
				CLANG_WARN_UNGUARDED_AVAILABILITY = YES_AGGRESSIVE;
				CLANG_WARN_UNREACHABLE_CODE = YES;
				CLANG_WARN__DUPLICATE_METHOD_MATCH = YES;
				COPY_PHASE_STRIP = NO;
				DEBUG_INFORMATION_FORMAT = "dwarf-with-dsym";
				ENABLE_NS_ASSERTIONS = NO;
				ENABLE_STRICT_OBJC_MSGSEND = YES;
				ENABLE_USER_SCRIPT_SANDBOXING = YES;
				GCC_C_LANGUAGE_STANDARD = gnu17;
				GCC_NO_COMMON_BLOCKS = YES;
				GCC_WARN_64_TO_32_BIT_CONVERSION = YES;
				GCC_WARN_ABOUT_RETURN_TYPE = YES_ERROR;
				GCC_WARN_UNDECLARED_SELECTOR = YES;
				GCC_WARN_UNINITIALIZED_AUTOS = YES_AGGRESSIVE;
				GCC_WARN_UNUSED_FUNCTION = YES;
				GCC_WARN_UNUSED_VARIABLE = YES;
				IPHONEOS_DEPLOYMENT_TARGET = 17.2;
				LOCALIZATION_PREFERS_STRING_CATALOGS = YES;
				MTL_ENABLE_DEBUG_INFO = NO;
				MTL_FAST_MATH = YES;
				SDKROOT = iphoneos;
				SWIFT_COMPILATION_MODE = wholemodule;
				VALIDATE_PRODUCT = YES;
			};
			name = Release;
		};
		CFC1CF5C2BD10F6200CF3C5C /* Debug */ = {
			isa = XCBuildConfiguration;
			buildSettings = {
				ASSETCATALOG_COMPILER_APPICON_NAME = AppIcon;
				ASSETCATALOG_COMPILER_GLOBAL_ACCENT_COLOR_NAME = AccentColor;
				CODE_SIGN_STYLE = Automatic;
				CURRENT_PROJECT_VERSION = 1;
				GENERATE_INFOPLIST_FILE = YES;
				INFOPLIST_FILE = HistoryLearn/Info.plist;
				INFOPLIST_KEY_UIApplicationSupportsIndirectInputEvents = YES;
				INFOPLIST_KEY_UILaunchStoryboardName = LaunchScreen;
				INFOPLIST_KEY_UISupportedInterfaceOrientations_iPad = "UIInterfaceOrientationPortrait UIInterfaceOrientationPortraitUpsideDown UIInterfaceOrientationLandscapeLeft UIInterfaceOrientationLandscapeRight";
				INFOPLIST_KEY_UISupportedInterfaceOrientations_iPhone = "UIInterfaceOrientationPortrait UIInterfaceOrientationLandscapeLeft UIInterfaceOrientationLandscapeRight";
				LD_RUNPATH_SEARCH_PATHS = (
					"$(inherited)",
					"@executable_path/Frameworks",
				);
				MARKETING_VERSION = 1.0;
				PRODUCT_BUNDLE_IDENTIFIER = com.linaya.HistoryLearn;
				PRODUCT_NAME = "$(TARGET_NAME)";
				SWIFT_EMIT_LOC_STRINGS = YES;
				SWIFT_VERSION = 5.0;
				TARGETED_DEVICE_FAMILY = "1,2";
			};
			name = Debug;
		};
		CFC1CF5D2BD10F6200CF3C5C /* Release */ = {
			isa = XCBuildConfiguration;
			buildSettings = {
				ASSETCATALOG_COMPILER_APPICON_NAME = AppIcon;
				ASSETCATALOG_COMPILER_GLOBAL_ACCENT_COLOR_NAME = AccentColor;
				CODE_SIGN_STYLE = Automatic;
				CURRENT_PROJECT_VERSION = 1;
				GENERATE_INFOPLIST_FILE = YES;
				INFOPLIST_FILE = HistoryLearn/Info.plist;
				INFOPLIST_KEY_UIApplicationSupportsIndirectInputEvents = YES;
				INFOPLIST_KEY_UILaunchStoryboardName = LaunchScreen;
				INFOPLIST_KEY_UISupportedInterfaceOrientations_iPad = "UIInterfaceOrientationPortrait UIInterfaceOrientationPortraitUpsideDown UIInterfaceOrientationLandscapeLeft UIInterfaceOrientationLandscapeRight";
				INFOPLIST_KEY_UISupportedInterfaceOrientations_iPhone = "UIInterfaceOrientationPortrait UIInterfaceOrientationLandscapeLeft UIInterfaceOrientationLandscapeRight";
				LD_RUNPATH_SEARCH_PATHS = (
					"$(inherited)",
					"@executable_path/Frameworks",
				);
				MARKETING_VERSION = 1.0;
				PRODUCT_BUNDLE_IDENTIFIER = com.linaya.HistoryLearn;
				PRODUCT_NAME = "$(TARGET_NAME)";
				SWIFT_EMIT_LOC_STRINGS = YES;
				SWIFT_VERSION = 5.0;
				TARGETED_DEVICE_FAMILY = "1,2";
			};
			name = Release;
		};
/* End XCBuildConfiguration section */

/* Begin XCConfigurationList section */
		CFC1CF422BD10F5E00CF3C5C /* Build configuration list for PBXProject "HistoryLearn" */ = {
			isa = XCConfigurationList;
			buildConfigurations = (
				CFC1CF592BD10F6200CF3C5C /* Debug */,
				CFC1CF5A2BD10F6200CF3C5C /* Release */,
			);
			defaultConfigurationIsVisible = 0;
			defaultConfigurationName = Release;
		};
		CFC1CF5B2BD10F6200CF3C5C /* Build configuration list for PBXNativeTarget "HistoryLearn" */ = {
			isa = XCConfigurationList;
			buildConfigurations = (
				CFC1CF5C2BD10F6200CF3C5C /* Debug */,
				CFC1CF5D2BD10F6200CF3C5C /* Release */,
			);
			defaultConfigurationIsVisible = 0;
			defaultConfigurationName = Release;
		};
/* End XCConfigurationList section */
	};
	rootObject = CFC1CF3F2BD10F5E00CF3C5C /* Project object */;
}
